
Microsoft Visual Studio Solution File, Format Version 12.00
# Visual Studio Version 17
VisualStudioVersion = 17.5.002.0
MinimumVisualStudioVersion = 10.0.40219.1
Project("{9A19103F-16F7-4668-BE54-9A1E7A4F7556}") = "webapp-sam-lab13", "webapp-sam-lab13.csproj", "{F806CC51-15CB-4F4A-9041-D7E51D1591BB}"
EndProject
Global
	GlobalSection(SolutionConfigurationPlatforms) = preSolution
		Debug|Any CPU = Debug|Any CPU
		Release|Any CPU = Release|Any CPU
	EndGlobalSection
	GlobalSection(ProjectConfigurationPlatforms) = postSolution
		{F806CC51-15CB-4F4A-9041-D7E51D1591BB}.Debug|Any CPU.ActiveCfg = Debug|Any CPU
		{F806CC51-15CB-4F4A-9041-D7E51D1591BB}.Debug|Any CPU.Build.0 = Debug|Any CPU
		{F806CC51-15CB-4F4A-9041-D7E51D1591BB}.Release|Any CPU.ActiveCfg = Release|Any CPU
		{F806CC51-15CB-4F4A-9041-D7E51D1591BB}.Release|Any CPU.Build.0 = Release|Any CPU
	EndGlobalSection
	GlobalSection(SolutionProperties) = preSolution
		HideSolutionNode = FALSE
	EndGlobalSection
	GlobalSection(ExtensibilityGlobals) = postSolution
		SolutionGuid = {6062B8F5-9223-4CC1-96D6-BB4F8CA3FD9F}
	EndGlobalSection
EndGlobal
